
Microsoft Visual Studio Solution File, Format Version 12.00
# Visual Studio Version 17
VisualStudioVersion = 17.3.32929.385
MinimumVisualStudioVersion = 10.0.40219.1
Project("{9A19103F-16F7-4668-BE54-9A1E7A4F7556}") = "SearchEngine", "Client\SearchEngine.csproj", "{1C8DF273-9A07-4B10-BB17-091F1285049D}"
EndProject
Project("{9A19103F-16F7-4668-BE54-9A1E7A4F7556}") = "BussinessLogic", "BussinessLogic\BussinessLogic.csproj", "{D56EE0C5-F5FD-4D3C-947A-D632AA231DDF}"
EndProject
Project("{9A19103F-16F7-4668-BE54-9A1E7A4F7556}") = "Models", "Models\Models.csproj", "{11153425-F361-404B-BDBC-54102BA4784D}"
EndProject
Project("{9A19103F-16F7-4668-BE54-9A1E7A4F7556}") = "SearchEngineControlPanel", "SearchEngineControlPanel\SearchEngineControlPanel.csproj", "{D3CA4C75-C3D3-4EE0-B870-192A0888B6A4}"
EndProject
Global
	GlobalSection(SolutionConfigurationPlatforms) = preSolution
		Debug|Any CPU = Debug|Any CPU
		Release|Any CPU = Release|Any CPU
	EndGlobalSection
	GlobalSection(ProjectConfigurationPlatforms) = postSolution
		{1C8DF273-9A07-4B10-BB17-091F1285049D}.Debug|Any CPU.ActiveCfg = Debug|Any CPU
		{1C8DF273-9A07-4B10-BB17-091F1285049D}.Debug|Any CPU.Build.0 = Debug|Any CPU
		{1C8DF273-9A07-4B10-BB17-091F1285049D}.Release|Any CPU.ActiveCfg = Release|Any CPU
		{1C8DF273-9A07-4B10-BB17-091F1285049D}.Release|Any CPU.Build.0 = Release|Any CPU
		{D56EE0C5-F5FD-4D3C-947A-D632AA231DDF}.Debug|Any CPU.ActiveCfg = Debug|Any CPU
		{D56EE0C5-F5FD-4D3C-947A-D632AA231DDF}.Debug|Any CPU.Build.0 = Debug|Any CPU
		{D56EE0C5-F5FD-4D3C-947A-D632AA231DDF}.Release|Any CPU.ActiveCfg = Release|Any CPU
		{D56EE0C5-F5FD-4D3C-947A-D632AA231DDF}.Release|Any CPU.Build.0 = Release|Any CPU
		{11153425-F361-404B-BDBC-54102BA4784D}.Debug|Any CPU.ActiveCfg = Debug|Any CPU
		{11153425-F361-404B-BDBC-54102BA4784D}.Debug|Any CPU.Build.0 = Debug|Any CPU
		{11153425-F361-404B-BDBC-54102BA4784D}.Release|Any CPU.ActiveCfg = Release|Any CPU
		{11153425-F361-404B-BDBC-54102BA4784D}.Release|Any CPU.Build.0 = Release|Any CPU
		{D3CA4C75-C3D3-4EE0-B870-192A0888B6A4}.Debug|Any CPU.ActiveCfg = Debug|Any CPU
		{D3CA4C75-C3D3-4EE0-B870-192A0888B6A4}.Debug|Any CPU.Build.0 = Debug|Any CPU
		{D3CA4C75-C3D3-4EE0-B870-192A0888B6A4}.Release|Any CPU.ActiveCfg = Release|Any CPU
		{D3CA4C75-C3D3-4EE0-B870-192A0888B6A4}.Release|Any CPU.Build.0 = Release|Any CPU
	EndGlobalSection
	GlobalSection(SolutionProperties) = preSolution
		HideSolutionNode = FALSE
	EndGlobalSection
	GlobalSection(ExtensibilityGlobals) = postSolution
		SolutionGuid = {CCE1CDF5-735D-44C6-BE74-62DC60AD27FC}
	EndGlobalSection
EndGlobal
